
Microsoft Visual Studio Solution File, Format Version 12.00
# Visual Studio 15
VisualStudioVersion = 15.0.26730.8
MinimumVisualStudioVersion = 10.0.40219.1
Project("{FAE04EC0-301F-11D3-BF4B-00C04F79EFBC}") = "Login.Dfe.Examples.DotNet46OidcClient", "Login.Dfe.Examples.DotNet46OidcClient\Login.Dfe.Examples.DotNet46OidcClient.csproj", "{DB8B2505-7A36-467D-9C89-BE37F99CA135}"
EndProject
Global
	GlobalSection(SolutionConfigurationPlatforms) = preSolution
		Debug|Any CPU = Debug|Any CPU
		Release|Any CPU = Release|Any CPU
	EndGlobalSection
	GlobalSection(ProjectConfigurationPlatforms) = postSolution
		{DB8B2505-7A36-467D-9C89-BE37F99CA135}.Debug|Any CPU.ActiveCfg = Debug|Any CPU
		{DB8B2505-7A36-467D-9C89-BE37F99CA135}.Debug|Any CPU.Build.0 = Debug|Any CPU
		{DB8B2505-7A36-467D-9C89-BE37F99CA135}.Release|Any CPU.ActiveCfg = Release|Any CPU
		{DB8B2505-7A36-467D-9C89-BE37F99CA135}.Release|Any CPU.Build.0 = Release|Any CPU
	EndGlobalSection
	GlobalSection(SolutionProperties) = preSolution
		HideSolutionNode = FALSE
	EndGlobalSection
	GlobalSection(ExtensibilityGlobals) = postSolution
		SolutionGuid = {6116B60B-13FD-4114-BBBB-0D1458687368}
	EndGlobalSection
EndGlobal
